<?xml version="1.0" encoding="utf-8"?>
<Project ToolsVersion="4.0" xmlns="http://schemas.microsoft.com/developer/msbuild/2003">
  <ItemGroup>
    <Filter Include="Source Files">
      <UniqueIdentifier>{4FC737F1-C7A5-4376-A066-2A32D752A2FF}</UniqueIdentifier>
      <Extensions>cpp;c;cc;cxx;c++;cppm;ixx;def;odl;idl;hpj;bat;asm;asmx</Extensions>
    </Filter>
    <Filter Include="Header Files">
      <UniqueIdentifier>{93995380-89BD-4b04-88EB-625FBE52EBFB}</UniqueIdentifier>
      <Extensions>h;hh;hpp;hxx;h++;hm;inl;inc;ipp;xsd</Extensions>
    </Filter>
    <Filter Include="Resource Files">
      <UniqueIdentifier>{67DA6AB6-F800-4c08-8B7A-83BB121AAD01}</UniqueIdentifier>
      <Extensions>rc;ico;cur;bmp;dlg;rc2;rct;bin;rgs;gif;jpg;jpeg;jpe;resx;tiff;tif;png;wav;mfcribbon-ms</Extensions>
    </Filter>
    <Filter Include="Source Files\cuda">
      <UniqueIdentifier>{1c2deff6-b9fa-47a3-bc7f-19add87c2ce2}</UniqueIdentifier>
    </Filter>
    <Filter Include="Resource Files\colormaps">
      <UniqueIdentifier>{02239a6b-438e-4886-9651-a630bbc087a7}</UniqueIdentifier>
    </Filter>
    <Filter Include="Header Files\cuda">
      <UniqueIdentifier>{cca37315-130c-44b6-82ba-e7c4e942c9c2}</UniqueIdentifier>
    </Filter>
    <Filter Include="Configuration Files">
      <UniqueIdentifier>{a319367d-7639-44f4-b1d8-a7797bc5191c}</UniqueIdentifier>
    </Filter>
    <Filter Include="Resource Files\shaders">
      <UniqueIdentifier>{61a39b46-e56e-4f8c-93be-3dfc78bb699b}</UniqueIdentifier>
    </Filter>
    <Filter Include="Source Files\openGL">
      <UniqueIdentifier>{0cbf1291-2f62-4b6e-a5a0-9067f6abe07a}</UniqueIdentifier>
    </Filter>
    <Filter Include="Header Files\openGL">
      <UniqueIdentifier>{ae76a8c3-2d39-4c31-b8dc-45f12e21d04c}</UniqueIdentifier>
    </Filter>
    <Filter Include="Header Files\cuda\fpng">
      <UniqueIdentifier>{ac8895c2-ff4c-4c37-93ad-16bc0e5f1012}</UniqueIdentifier>
    </Filter>
    <Filter Include="Source Files\cuda\fpng">
      <UniqueIdentifier>{c3ddebdb-4b6c-4841-b549-c1482f26a81c}</UniqueIdentifier>
    </Filter>
  </ItemGroup>
  <ItemGroup>
    <ClCompile Include="src\Application.cpp">
      <Filter>Source Files</Filter>
    </ClCompile>
    <ClCompile Include="src\Configs.cpp">
      <Filter>Source Files</Filter>
    </ClCompile>
    <ClCompile Include="src\Writer.cpp">
      <Filter>Source Files</Filter>
    </ClCompile>
    <ClCompile Include="src\openGL\Creater.cpp">
      <Filter>Source Files\openGL</Filter>
    </ClCompile>
    <ClCompile Include="src\openGL\Textures.cpp">
      <Filter>Source Files\openGL</Filter>
    </ClCompile>
    <ClCompile Include="src\openGL\VertexArray.cpp">
      <Filter>Source Files\openGL</Filter>
    </ClCompile>
    <ClCompile Include="src\openGL\VertexBuffer.cpp">
      <Filter>Source Files\openGL</Filter>
    </ClCompile>
    <ClCompile Include="src\openGL\IndexBuffer.cpp">
      <Filter>Source Files\openGL</Filter>
    </ClCompile>
    <ClCompile Include="src\openGL\Renderer.cpp">
      <Filter>Source Files\openGL</Filter>
    </ClCompile>
    <ClCompile Include="src\openGL\Shader.cpp">
      <Filter>Source Files\openGL</Filter>
    </ClCompile>
    <ClCompile Include="src\cuda\fpng\fpng.cpp">
      <Filter>Source Files\cuda\fpng</Filter>
    </ClCompile>
  </ItemGroup>
  <ItemGroup>
    <ClInclude Include="src\Configs.h">
      <Filter>Header Files</Filter>
    </ClInclude>
    <ClInclude Include="src\Writer.h">
      <Filter>Header Files</Filter>
    </ClInclude>
    <ClInclude Include="src\cuda\Buffers.cuh">
      <Filter>Header Files\cuda</Filter>
    </ClInclude>
    <ClInclude Include="src\cuda\FastFourierTransformator.cuh">
      <Filter>Header Files\cuda</Filter>
    </ClInclude>
    <ClInclude Include="src\cuda\Helper.cuh">
      <Filter>Header Files\cuda</Filter>
    </ClInclude>
    <ClInclude Include="src\cuda\KernelCaller.cuh">
      <Filter>Header Files\cuda</Filter>
    </ClInclude>
    <ClInclude Include="src\cuda\Solver.cuh">
      <Filter>Header Files\cuda</Filter>
    </ClInclude>
    <ClInclude Include="src\cuda\HelperKernels.cuh">
      <Filter>Header Files\cuda</Filter>
    </ClInclude>
    <ClInclude Include="src\cuda\SolverKernels.cuh">
      <Filter>Header Files\cuda</Filter>
    </ClInclude>
    <ClInclude Include="src\openGL\Creater.h">
      <Filter>Header Files\openGL</Filter>
    </ClInclude>
    <ClInclude Include="src\openGL\VertexBufferLayout.h">
      <Filter>Header Files\openGL</Filter>
    </ClInclude>
    <ClInclude Include="src\openGL\Renderer.h">
      <Filter>Header Files\openGL</Filter>
    </ClInclude>
    <ClInclude Include="src\openGL\Shader.h">
      <Filter>Header Files\openGL</Filter>
    </ClInclude>
    <ClInclude Include="src\openGL\Textures.h">
      <Filter>Header Files\openGL</Filter>
    </ClInclude>
    <ClInclude Include="src\openGL\VertexArray.h">
      <Filter>Header Files\openGL</Filter>
    </ClInclude>
    <ClInclude Include="src\openGL\VertexBuffer.h">
      <Filter>Header Files\openGL</Filter>
    </ClInclude>
    <ClInclude Include="src\openGL\IndexBuffer.h">
      <Filter>Header Files\openGL</Filter>
    </ClInclude>
    <ClInclude Include="src\cuda\Painter.cuh">
      <Filter>Header Files\cuda</Filter>
    </ClInclude>
    <ClInclude Include="src\cuda\fpng\fpng.h">
      <Filter>Header Files\cuda\fpng</Filter>
    </ClInclude>
  </ItemGroup>
  <ItemGroup>
    <CudaCompile Include="src\cuda\Buffers.cu">
      <Filter>Source Files\cuda</Filter>
    </CudaCompile>
    <CudaCompile Include="src\cuda\FastFourierTransformator.cu">
      <Filter>Source Files\cuda</Filter>
    </CudaCompile>
    <CudaCompile Include="src\cuda\Helper.cu">
      <Filter>Source Files\cuda</Filter>
    </CudaCompile>
    <CudaCompile Include="src\cuda\Solver.cu">
      <Filter>Source Files\cuda</Filter>
    </CudaCompile>
    <CudaCompile Include="src\cuda\Painter.cu">
      <Filter>Source Files\cuda</Filter>
    </CudaCompile>
  </ItemGroup>
  <ItemGroup>
    <None Include="configs\standart1024.yaml">
      <Filter>Configuration Files</Filter>
    </None>
    <None Include="res\colormaps\plasma">
      <Filter>Resource Files\colormaps</Filter>
    </None>
    <None Include="res\shaders\basic.shader">
      <Filter>Resource Files\shaders</Filter>
    </None>
    <None Include="configs\fluid1024.yaml">
      <Filter>Configuration Files</Filter>
    </None>
  </ItemGroup>
</Project>